{
  "version": 4,
  "terraform_version": "1.14.7",
  "serial": 21,
  "lineage": "a614c828-5a3f-8553-5d0d-6e5cb5063f41",
  "outputs": {
    "master_public_ip": {
      "value": "146.235.43.160",
      "type": "string"
    },
    "workers_public_ips": {
      "value": [
        "150.230.85.220",
        "168.138.156.208"
      ],
      "type": [
        "tuple",
        [
          "string",
          "string"
        ]
      ]
    }
  },
  "resources": [
    {
      "mode": "data",
      "type": "oci_core_images",
      "name": "oracle_linux",
      "provider": "provider[\"registry.terraform.io/oracle/oci\"]",
      "instances": [
        {
          "schema_version": 0,
          "attributes": {
            "compartment_id": "ocid1.tenancy.oc1..aaaaaaaafe7jeknkyj7vzw5czugm7k6hk4e7444af2svd4etxrn5lechxzva",
            "display_name": null,
            "filter": null,
            "id": "CoreImagesDataSource-2069240505",
            "images": [
              {
                "agent_features": [],
                "base_image_id": "",
                "billable_size_in_gbs": "6",
                "compartment_id": "",
                "create_image_allowed": true,
                "defined_tags": {},
                "display_name": "Oracle-Linux-9.7-2026.02.28-0",
                "freeform_tags": {},
                "id": "ocid1.image.oc1.sa-saopaulo-1.aaaaaaaaorwookw5jedamdpxwgmrrugtaj43udmeqwcmtgvswwuu2ee4mloa",
                "image_source_details": [],
                "instance_id": "",
                "launch_mode": "NATIVE",
                "launch_options": [
                  {
                    "boot_volume_type": "PARAVIRTUALIZED",
                    "firmware": "UEFI_64",
                    "is_consistent_volume_naming_enabled": true,
                    "is_pv_encryption_in_transit_enabled": true,
                    "network_type": "PARAVIRTUALIZED",
                    "remote_data_volume_type": "PARAVIRTUALIZED"
                  }
                ],
                "listing_type": "",
                "operating_system": "Oracle Linux",
                "operating_system_version": "9",
                "size_in_mbs": "47719",
                "state": "AVAILABLE",
                "time_created": "2026-03-04 21:58:15.998 +0000 UTC"
              },
              {
                "agent_features": [],
                "base_image_id": "",
                "billable_size_in_gbs": "5",
                "compartment_id": "",
                "create_image_allowed": true,
                "defined_tags": {},
                "display_name": "Oracle-Linux-9.7-2026.01.29-0",
                "freeform_tags": {},
                "id": "ocid1.image.oc1.sa-saopaulo-1.aaaaaaaaj7n22xxgs54ej7l3ukpcuuwwwdtbtyt2hguuv4yxcuo7eqxlvcmq",
                "image_source_details": [],
                "instance_id": "",
                "launch_mode": "NATIVE",
                "launch_options": [
                  {
                    "boot_volume_type": "PARAVIRTUALIZED",
                    "firmware": "UEFI_64",
                    "is_consistent_volume_naming_enabled": true,
                    "is_pv_encryption_in_transit_enabled": true,
                    "network_type": "PARAVIRTUALIZED",
                    "remote_data_volume_type": "PARAVIRTUALIZED"
                  }
                ],
                "listing_type": "",
                "operating_system": "Oracle Linux",
                "operating_system_version": "9",
                "size_in_mbs": "47719",
                "state": "AVAILABLE",
                "time_created": "2026-02-06 03:34:35.559 +0000 UTC"
              },
              {
                "agent_features": [],
                "base_image_id": "",
                "billable_size_in_gbs": "5",
                "compartment_id": "",
                "create_image_allowed": true,
                "defined_tags": {},
                "display_name": "Oracle-Linux-9.6-2025.11.20-0",
                "freeform_tags": {},
                "id": "ocid1.image.oc1.sa-saopaulo-1.aaaaaaaa6agda2heifgqmsoupep2zlw4fl5a77omppoozphbinix6zwqpy2q",
                "image_source_details": [],
                "instance_id": "",
                "launch_mode": "NATIVE",
                "launch_options": [
                  {
                    "boot_volume_type": "PARAVIRTUALIZED",
                    "firmware": "UEFI_64",
                    "is_consistent_volume_naming_enabled": true,
                    "is_pv_encryption_in_transit_enabled": true,
                    "network_type": "PARAVIRTUALIZED",
                    "remote_data_volume_type": "PARAVIRTUALIZED"
                  }
                ],
                "listing_type": "",
                "operating_system": "Oracle Linux",
                "operating_system_version": "9",
                "size_in_mbs": "47719",
                "state": "AVAILABLE",
                "time_created": "2025-12-08 06:54:51.393 +0000 UTC"
              }
            ],
            "operating_system": "Oracle Linux",
            "operating_system_version": "9",
            "shape": "VM.Standard.E5.Flex",
            "sort_by": "TIMECREATED",
            "sort_order": "DESC",
            "state": null
          },
          "sensitive_attributes": [],
          "identity_schema_version": 0
        }
      ]
    },
    {
      "mode": "data",
      "type": "oci_identity_availability_domains",
      "name": "ads",
      "provider": "provider[\"registry.terraform.io/oracle/oci\"]",
      "instances": [
        {
          "schema_version": 0,
          "attributes": {
            "availability_domains": [
              {
                "compartment_id": "ocid1.tenancy.oc1..aaaaaaaafe7jeknkyj7vzw5czugm7k6hk4e7444af2svd4etxrn5lechxzva",
                "id": "ocid1.availabilitydomain.oc1..aaaaaaaay5nesbty7quxigdwtp7axotkcglzi43jvfrnwvbv4dgjerqwxf5a",
                "name": "COQz:SA-SAOPAULO-1-AD-1"
              }
            ],
            "compartment_id": "ocid1.tenancy.oc1..aaaaaaaafe7jeknkyj7vzw5czugm7k6hk4e7444af2svd4etxrn5lechxzva",
            "filter": null,
            "id": "IdentityAvailabilityDomainsDataSource-1427299038"
          },
          "sensitive_attributes": [],
          "identity_schema_version": 0
        }
      ]
    },
    {
      "mode": "managed",
      "type": "oci_core_default_route_table",
      "name": "k8s_route_table",
      "provider": "provider[\"registry.terraform.io/oracle/oci\"]",
      "instances": [
        {
          "schema_version": 0,
          "attributes": {
            "compartment_id": "ocid1.tenancy.oc1..aaaaaaaafe7jeknkyj7vzw5czugm7k6hk4e7444af2svd4etxrn5lechxzva",
            "defined_tags": {
              "Oracle-Tags.CreatedBy": "default/gabrielrosasilva@gmail.com",
              "Oracle-Tags.CreatedOn": "2026-03-14T15:32:26.908Z"
            },
            "display_name": "Default Route Table for vcn-k8s-ha",
            "freeform_tags": {},
            "id": "ocid1.routetable.oc1.sa-saopaulo-1.aaaaaaaac63gzzubkdwztfcsy7penimavmbznpdj3rilxmnufxe4tdho4vvq",
            "manage_default_resource_id": "ocid1.routetable.oc1.sa-saopaulo-1.aaaaaaaac63gzzubkdwztfcsy7penimavmbznpdj3rilxmnufxe4tdho4vvq",
            "route_rules": [
              {
                "cidr_block": "",
                "description": "",
                "destination": "0.0.0.0/0",
                "destination_type": "CIDR_BLOCK",
                "network_entity_id": "ocid1.internetgateway.oc1.sa-saopaulo-1.aaaaaaaap3bi74o4oyzvtoaddyjyb7ming7zot5osj6pfyjoe5kjlqrr3qga",
                "route_type": "STATIC"
              }
            ],
            "state": "AVAILABLE",
            "time_created": "2026-03-14 15:32:26.982 +0000 UTC",
            "timeouts": null
          },
          "sensitive_attributes": [],
          "identity_schema_version": 0,
          "private": "eyJlMmJmYjczMC1lY2FhLTExZTYtOGY4OC0zNDM2M2JjN2M0YzAiOnsiY3JlYXRlIjoxMjAwMDAwMDAwMDAwLCJkZWxldGUiOjEyMDAwMDAwMDAwMDAsInVwZGF0ZSI6MTIwMDAwMDAwMDAwMH19",
          "dependencies": [
            "oci_core_internet_gateway.k8s_igw",
            "oci_core_vcn.k8s_vcn"
          ]
        }
      ]
    },
    {
      "mode": "managed",
      "type": "oci_core_instance",
      "name": "k8s_nodes",
      "provider": "provider[\"registry.terraform.io/oracle/oci\"]",
      "instances": [
        {
          "index_key": 0,
          "schema_version": 0,
          "attributes": {
            "agent_config": [
              {
                "are_all_plugins_disabled": false,
                "is_management_disabled": false,
                "is_monitoring_disabled": false,
                "plugins_config": []
              }
            ],
            "async": null,
            "availability_config": [
              {
                "is_live_migration_preferred": false,
                "recovery_action": "RESTORE_INSTANCE"
              }
            ],
            "availability_domain": "COQz:SA-SAOPAULO-1-AD-1",
            "boot_volume_id": "ocid1.bootvolume.oc1.sa-saopaulo-1.abtxeljro46d3m3ozccgzbjwssp6tgrzu2xpcnqfsjdtfomuomiirqmxcufa",
            "capacity_reservation_id": null,
            "cluster_placement_group_id": null,
            "compartment_id": "ocid1.tenancy.oc1..aaaaaaaafe7jeknkyj7vzw5czugm7k6hk4e7444af2svd4etxrn5lechxzva",
            "compute_cluster_id": null,
            "create_vnic_details": [
              {
                "assign_ipv6ip": false,
                "assign_private_dns_record": false,
                "assign_public_ip": "true",
                "defined_tags": {
                  "Oracle-Tags.CreatedBy": "default/gabrielrosasilva@gmail.com",
                  "Oracle-Tags.CreatedOn": "2026-03-15T01:27:33.016Z"
                },
                "display_name": "vnic-0",
                "freeform_tags": {},
                "hostname_label": "",
                "ipv6address_ipv6subnet_cidr_pair_details": [],
                "nsg_ids": [],
                "private_ip": "10.0.1.143",
                "private_ip_id": "",
                "security_attributes": {},
                "skip_source_dest_check": false,
                "subnet_cidr": "",
                "subnet_id": "ocid1.subnet.oc1.sa-saopaulo-1.aaaaaaaajg6ewngyz5zampp6aaneyf3fhyprfklxkcgpls437rqah576druq",
                "vlan_id": ""
              }
            ],
            "dedicated_vm_host_id": null,
            "defined_tags": {
              "Oracle-Tags.CreatedBy": "default/gabrielrosasilva@gmail.com",
              "Oracle-Tags.CreatedOn": "2026-03-15T01:27:32.916Z"
            },
            "display_name": "k8s-master",
            "extended_metadata": {},
            "fault_domain": "FAULT-DOMAIN-2",
            "freeform_tags": {},
            "hostname_label": "",
            "id": "ocid1.instance.oc1.sa-saopaulo-1.antxeljrf4un32qcxda3ycb7jad7rirjhhonea37cop6bxyltvo2n6bdiaoa",
            "image": "ocid1.image.oc1.sa-saopaulo-1.aaaaaaaaorwookw5jedamdpxwgmrrugtaj43udmeqwcmtgvswwuu2ee4mloa",
            "instance_configuration_id": null,
            "instance_options": [
              {
                "are_legacy_imds_endpoints_disabled": false
              }
            ],
            "ipxe_script": null,
            "is_ai_enterprise_enabled": null,
            "is_cross_numa_node": false,
            "is_pv_encryption_in_transit_enabled": null,
            "launch_mode": "PARAVIRTUALIZED",
            "launch_options": [
              {
                "boot_volume_type": "PARAVIRTUALIZED",
                "firmware": "UEFI_64",
                "is_consistent_volume_naming_enabled": true,
                "is_pv_encryption_in_transit_enabled": false,
                "network_type": "PARAVIRTUALIZED",
                "remote_data_volume_type": "PARAVIRTUALIZED"
              }
            ],
            "launch_volume_attachments": null,
            "licensing_configs": [],
            "metadata": {
              "ssh_authorized_keys": "ssh-ed25519 AAAAC3NzaC1lZDI1NTE5AAAAIBnIE7ZlGr1ugrm0TlPeh5rct7JRQshoqcNIQyPeKL4N oci-k3s-lab\r\n"
            },
            "placement_constraint_details": [],
            "platform_config": [],
            "preemptible_instance_config": [],
            "preserve_boot_volume": null,
            "preserve_data_volumes_created_at_launch": null,
            "private_ip": "10.0.1.143",
            "public_ip": "146.235.43.160",
            "region": "sa-saopaulo-1",
            "security_attributes": {},
            "security_attributes_state": "STABLE",
            "shape": "VM.Standard.E5.Flex",
            "shape_config": [
              {
                "baseline_ocpu_utilization": "",
                "gpu_description": "",
                "gpus": 0,
                "local_disk_description": "",
                "local_disks": 0,
                "local_disks_total_size_in_gbs": 0,
                "max_vnic_attachments": 2,
                "memory_in_gbs": 6,
                "networking_bandwidth_in_gbps": 1,
                "nvmes": 0,
                "ocpus": 1,
                "processor_description": "2.3 GHz AMD EPYC™ 9J14 (Genoa)",
                "resource_management": "",
                "vcpus": 2
              }
            ],
            "source_details": [
              {
                "boot_volume_size_in_gbs": "47",
                "boot_volume_vpus_per_gb": "10",
                "instance_source_image_filter_details": [],
                "is_preserve_boot_volume_enabled": false,
                "kms_key_id": "",
                "source_id": "ocid1.image.oc1.sa-saopaulo-1.aaaaaaaaorwookw5jedamdpxwgmrrugtaj43udmeqwcmtgvswwuu2ee4mloa",
                "source_type": "image"
              }
            ],
            "state": "RUNNING",
            "subnet_id": "ocid1.subnet.oc1.sa-saopaulo-1.aaaaaaaajg6ewngyz5zampp6aaneyf3fhyprfklxkcgpls437rqah576druq",
            "system_tags": {},
            "time_created": "2026-03-15 01:27:33.376 +0000 UTC",
            "time_maintenance_reboot_due": "",
            "timeouts": null,
            "update_operation_constraint": null
          },
          "sensitive_attributes": [],
          "identity_schema_version": 0,
          "private": "eyJlMmJmYjczMC1lY2FhLTExZTYtOGY4OC0zNDM2M2JjN2M0YzAiOnsiY3JlYXRlIjoyNzAwMDAwMDAwMDAwLCJkZWxldGUiOjQ1MDAwMDAwMDAwMDAsInVwZGF0ZSI6MjcwMDAwMDAwMDAwMH19",
          "dependencies": [
            "data.oci_core_images.oracle_linux",
            "data.oci_identity_availability_domains.ads",
            "oci_core_security_list.k8s_security_list",
            "oci_core_subnet.k8s_subnet",
            "oci_core_vcn.k8s_vcn"
          ]
        },
        {
          "index_key": 1,
          "schema_version": 0,
          "attributes": {
            "agent_config": [
              {
                "are_all_plugins_disabled": false,
                "is_management_disabled": false,
                "is_monitoring_disabled": false,
                "plugins_config": []
              }
            ],
            "async": null,
            "availability_config": [
              {
                "is_live_migration_preferred": false,
                "recovery_action": "RESTORE_INSTANCE"
              }
            ],
            "availability_domain": "COQz:SA-SAOPAULO-1-AD-1",
            "boot_volume_id": "ocid1.bootvolume.oc1.sa-saopaulo-1.abtxeljrklvqud3kfu45b7cyk5ugm2gylf4qjcb46sd7wrhktylyijevmcmq",
            "capacity_reservation_id": null,
            "cluster_placement_group_id": null,
            "compartment_id": "ocid1.tenancy.oc1..aaaaaaaafe7jeknkyj7vzw5czugm7k6hk4e7444af2svd4etxrn5lechxzva",
            "compute_cluster_id": null,
            "create_vnic_details": [
              {
                "assign_ipv6ip": false,
                "assign_private_dns_record": false,
                "assign_public_ip": "true",
                "defined_tags": {
                  "Oracle-Tags.CreatedBy": "default/gabrielrosasilva@gmail.com",
                  "Oracle-Tags.CreatedOn": "2026-03-15T01:27:33.096Z"
                },
                "display_name": "vnic-1",
                "freeform_tags": {},
                "hostname_label": "",
                "ipv6address_ipv6subnet_cidr_pair_details": [],
                "nsg_ids": [],
                "private_ip": "10.0.1.59",
                "private_ip_id": "",
                "security_attributes": {},
                "skip_source_dest_check": false,
                "subnet_cidr": "",
                "subnet_id": "ocid1.subnet.oc1.sa-saopaulo-1.aaaaaaaajg6ewngyz5zampp6aaneyf3fhyprfklxkcgpls437rqah576druq",
                "vlan_id": ""
              }
            ],
            "dedicated_vm_host_id": null,
            "defined_tags": {
              "Oracle-Tags.CreatedBy": "default/gabrielrosasilva@gmail.com",
              "Oracle-Tags.CreatedOn": "2026-03-15T01:27:32.979Z"
            },
            "display_name": "k8s-worker-1",
            "extended_metadata": {},
            "fault_domain": "FAULT-DOMAIN-2",
            "freeform_tags": {},
            "hostname_label": "",
            "id": "ocid1.instance.oc1.sa-saopaulo-1.antxeljrf4un32qch5mdhswnh3dla6ars3jj6xxwxqsipdcskzlnfn73rncq",
            "image": "ocid1.image.oc1.sa-saopaulo-1.aaaaaaaaorwookw5jedamdpxwgmrrugtaj43udmeqwcmtgvswwuu2ee4mloa",
            "instance_configuration_id": null,
            "instance_options": [
              {
                "are_legacy_imds_endpoints_disabled": false
              }
            ],
            "ipxe_script": null,
            "is_ai_enterprise_enabled": null,
            "is_cross_numa_node": false,
            "is_pv_encryption_in_transit_enabled": null,
            "launch_mode": "PARAVIRTUALIZED",
            "launch_options": [
              {
                "boot_volume_type": "PARAVIRTUALIZED",
                "firmware": "UEFI_64",
                "is_consistent_volume_naming_enabled": true,
                "is_pv_encryption_in_transit_enabled": false,
                "network_type": "PARAVIRTUALIZED",
                "remote_data_volume_type": "PARAVIRTUALIZED"
              }
            ],
            "launch_volume_attachments": null,
            "licensing_configs": [],
            "metadata": {
              "ssh_authorized_keys": "ssh-ed25519 AAAAC3NzaC1lZDI1NTE5AAAAIBnIE7ZlGr1ugrm0TlPeh5rct7JRQshoqcNIQyPeKL4N oci-k3s-lab\r\n"
            },
            "placement_constraint_details": [],
            "platform_config": [],
            "preemptible_instance_config": [],
            "preserve_boot_volume": null,
            "preserve_data_volumes_created_at_launch": null,
            "private_ip": "10.0.1.59",
            "public_ip": "150.230.85.220",
            "region": "sa-saopaulo-1",
            "security_attributes": {},
            "security_attributes_state": "STABLE",
            "shape": "VM.Standard.E5.Flex",
            "shape_config": [
              {
                "baseline_ocpu_utilization": "",
                "gpu_description": "",
                "gpus": 0,
                "local_disk_description": "",
                "local_disks": 0,
                "local_disks_total_size_in_gbs": 0,
                "max_vnic_attachments": 2,
                "memory_in_gbs": 6,
                "networking_bandwidth_in_gbps": 1,
                "nvmes": 0,
                "ocpus": 1,
                "processor_description": "2.3 GHz AMD EPYC™ 9J14 (Genoa)",
                "resource_management": "",
                "vcpus": 2
              }
            ],
            "source_details": [
              {
                "boot_volume_size_in_gbs": "47",
                "boot_volume_vpus_per_gb": "10",
                "instance_source_image_filter_details": [],
                "is_preserve_boot_volume_enabled": false,
                "kms_key_id": "",
                "source_id": "ocid1.image.oc1.sa-saopaulo-1.aaaaaaaaorwookw5jedamdpxwgmrrugtaj43udmeqwcmtgvswwuu2ee4mloa",
                "source_type": "image"
              }
            ],
            "state": "RUNNING",
            "subnet_id": "ocid1.subnet.oc1.sa-saopaulo-1.aaaaaaaajg6ewngyz5zampp6aaneyf3fhyprfklxkcgpls437rqah576druq",
            "system_tags": {},
            "time_created": "2026-03-15 01:27:33.442 +0000 UTC",
            "time_maintenance_reboot_due": "",
            "timeouts": null,
            "update_operation_constraint": null
          },
          "sensitive_attributes": [],
          "identity_schema_version": 0,
          "private": "eyJlMmJmYjczMC1lY2FhLTExZTYtOGY4OC0zNDM2M2JjN2M0YzAiOnsiY3JlYXRlIjoyNzAwMDAwMDAwMDAwLCJkZWxldGUiOjQ1MDAwMDAwMDAwMDAsInVwZGF0ZSI6MjcwMDAwMDAwMDAwMH19",
          "dependencies": [
            "data.oci_core_images.oracle_linux",
            "data.oci_identity_availability_domains.ads",
            "oci_core_security_list.k8s_security_list",
            "oci_core_subnet.k8s_subnet",
            "oci_core_vcn.k8s_vcn"
          ]
        },
        {
          "index_key": 2,
          "schema_version": 0,
          "attributes": {
            "agent_config": [
              {
                "are_all_plugins_disabled": false,
                "is_management_disabled": false,
                "is_monitoring_disabled": false,
                "plugins_config": []
              }
            ],
            "async": null,
            "availability_config": [
              {
                "is_live_migration_preferred": false,
                "recovery_action": "RESTORE_INSTANCE"
              }
            ],
            "availability_domain": "COQz:SA-SAOPAULO-1-AD-1",
            "boot_volume_id": "ocid1.bootvolume.oc1.sa-saopaulo-1.abtxeljrc63limdmn62jkgti5gdfmrzg5brjdesporh7oovydad4x73gdksa",
            "capacity_reservation_id": null,
            "cluster_placement_group_id": null,
            "compartment_id": "ocid1.tenancy.oc1..aaaaaaaafe7jeknkyj7vzw5czugm7k6hk4e7444af2svd4etxrn5lechxzva",
            "compute_cluster_id": null,
            "create_vnic_details": [
              {
                "assign_ipv6ip": false,
                "assign_private_dns_record": false,
                "assign_public_ip": "true",
                "defined_tags": {
                  "Oracle-Tags.CreatedBy": "default/gabrielrosasilva@gmail.com",
                  "Oracle-Tags.CreatedOn": "2026-03-15T01:27:33.024Z"
                },
                "display_name": "vnic-2",
                "freeform_tags": {},
                "hostname_label": "",
                "ipv6address_ipv6subnet_cidr_pair_details": [],
                "nsg_ids": [],
                "private_ip": "10.0.1.7",
                "private_ip_id": "",
                "security_attributes": {},
                "skip_source_dest_check": false,
                "subnet_cidr": "",
                "subnet_id": "ocid1.subnet.oc1.sa-saopaulo-1.aaaaaaaajg6ewngyz5zampp6aaneyf3fhyprfklxkcgpls437rqah576druq",
                "vlan_id": ""
              }
            ],
            "dedicated_vm_host_id": null,
            "defined_tags": {
              "Oracle-Tags.CreatedBy": "default/gabrielrosasilva@gmail.com",
              "Oracle-Tags.CreatedOn": "2026-03-15T01:27:32.918Z"
            },
            "display_name": "k8s-worker-2",
            "extended_metadata": {},
            "fault_domain": "FAULT-DOMAIN-2",
            "freeform_tags": {},
            "hostname_label": "",
            "id": "ocid1.instance.oc1.sa-saopaulo-1.antxeljrf4un32qchcawqkwqbppjlxzo3jtrr5nlky4iyfbuldbfaoppwdya",
            "image": "ocid1.image.oc1.sa-saopaulo-1.aaaaaaaaorwookw5jedamdpxwgmrrugtaj43udmeqwcmtgvswwuu2ee4mloa",
            "instance_configuration_id": null,
            "instance_options": [
              {
                "are_legacy_imds_endpoints_disabled": false
              }
            ],
            "ipxe_script": null,
            "is_ai_enterprise_enabled": null,
            "is_cross_numa_node": false,
            "is_pv_encryption_in_transit_enabled": null,
            "launch_mode": "PARAVIRTUALIZED",
            "launch_options": [
              {
                "boot_volume_type": "PARAVIRTUALIZED",
                "firmware": "UEFI_64",
                "is_consistent_volume_naming_enabled": true,
                "is_pv_encryption_in_transit_enabled": false,
                "network_type": "PARAVIRTUALIZED",
                "remote_data_volume_type": "PARAVIRTUALIZED"
              }
            ],
            "launch_volume_attachments": null,
            "licensing_configs": [],
            "metadata": {
              "ssh_authorized_keys": "ssh-ed25519 AAAAC3NzaC1lZDI1NTE5AAAAIBnIE7ZlGr1ugrm0TlPeh5rct7JRQshoqcNIQyPeKL4N oci-k3s-lab\r\n"
            },
            "placement_constraint_details": [],
            "platform_config": [],
            "preemptible_instance_config": [],
            "preserve_boot_volume": null,
            "preserve_data_volumes_created_at_launch": null,
            "private_ip": "10.0.1.7",
            "public_ip": "168.138.156.208",
            "region": "sa-saopaulo-1",
            "security_attributes": {},
            "security_attributes_state": "STABLE",
            "shape": "VM.Standard.E5.Flex",
            "shape_config": [
              {
                "baseline_ocpu_utilization": "",
                "gpu_description": "",
                "gpus": 0,
                "local_disk_description": "",
                "local_disks": 0,
                "local_disks_total_size_in_gbs": 0,
                "max_vnic_attachments": 2,
                "memory_in_gbs": 6,
                "networking_bandwidth_in_gbps": 1,
                "nvmes": 0,
                "ocpus": 1,
                "processor_description": "2.3 GHz AMD EPYC™ 9J14 (Genoa)",
                "resource_management": "",
                "vcpus": 2
              }
            ],
            "source_details": [
              {
                "boot_volume_size_in_gbs": "47",
                "boot_volume_vpus_per_gb": "10",
                "instance_source_image_filter_details": [],
                "is_preserve_boot_volume_enabled": false,
                "kms_key_id": "",
                "source_id": "ocid1.image.oc1.sa-saopaulo-1.aaaaaaaaorwookw5jedamdpxwgmrrugtaj43udmeqwcmtgvswwuu2ee4mloa",
                "source_type": "image"
              }
            ],
            "state": "RUNNING",
            "subnet_id": "ocid1.subnet.oc1.sa-saopaulo-1.aaaaaaaajg6ewngyz5zampp6aaneyf3fhyprfklxkcgpls437rqah576druq",
            "system_tags": {},
            "time_created": "2026-03-15 01:27:33.419 +0000 UTC",
            "time_maintenance_reboot_due": "",
            "timeouts": null,
            "update_operation_constraint": null
          },
          "sensitive_attributes": [],
          "identity_schema_version": 0,
          "private": "eyJlMmJmYjczMC1lY2FhLTExZTYtOGY4OC0zNDM2M2JjN2M0YzAiOnsiY3JlYXRlIjoyNzAwMDAwMDAwMDAwLCJkZWxldGUiOjQ1MDAwMDAwMDAwMDAsInVwZGF0ZSI6MjcwMDAwMDAwMDAwMH19",
          "dependencies": [
            "data.oci_core_images.oracle_linux",
            "data.oci_identity_availability_domains.ads",
            "oci_core_security_list.k8s_security_list",
            "oci_core_subnet.k8s_subnet",
            "oci_core_vcn.k8s_vcn"
          ]
        }
      ]
    },
    {
      "mode": "managed",
      "type": "oci_core_internet_gateway",
      "name": "k8s_igw",
      "provider": "provider[\"registry.terraform.io/oracle/oci\"]",
      "instances": [
        {
          "schema_version": 0,
          "attributes": {
            "compartment_id": "ocid1.tenancy.oc1..aaaaaaaafe7jeknkyj7vzw5czugm7k6hk4e7444af2svd4etxrn5lechxzva",
            "defined_tags": {
              "Oracle-Tags.CreatedBy": "default/gabrielrosasilva@gmail.com",
              "Oracle-Tags.CreatedOn": "2026-03-14T15:32:27.511Z"
            },
            "display_name": "igw-k8s-ha",
            "enabled": true,
            "freeform_tags": {},
            "id": "ocid1.internetgateway.oc1.sa-saopaulo-1.aaaaaaaap3bi74o4oyzvtoaddyjyb7ming7zot5osj6pfyjoe5kjlqrr3qga",
            "route_table_id": null,
            "state": "AVAILABLE",
            "time_created": "2026-03-14 15:32:27.548 +0000 UTC",
            "timeouts": null,
            "vcn_id": "ocid1.vcn.oc1.sa-saopaulo-1.amaaaaaaf4un32qa37vxevxkfawlknfj7tm5e4uhbkjh2mfs6lc4ecsndmfq"
          },
          "sensitive_attributes": [],
          "identity_schema_version": 0,
          "private": "eyJlMmJmYjczMC1lY2FhLTExZTYtOGY4OC0zNDM2M2JjN2M0YzAiOnsiY3JlYXRlIjoxMjAwMDAwMDAwMDAwLCJkZWxldGUiOjEyMDAwMDAwMDAwMDAsInVwZGF0ZSI6MTIwMDAwMDAwMDAwMH19",
          "dependencies": [
            "oci_core_vcn.k8s_vcn"
          ]
        }
      ]
    },
    {
      "mode": "managed",
      "type": "oci_core_security_list",
      "name": "k8s_security_list",
      "provider": "provider[\"registry.terraform.io/oracle/oci\"]",
      "instances": [
        {
          "schema_version": 0,
          "attributes": {
            "compartment_id": "ocid1.tenancy.oc1..aaaaaaaafe7jeknkyj7vzw5czugm7k6hk4e7444af2svd4etxrn5lechxzva",
            "defined_tags": {
              "Oracle-Tags.CreatedBy": "default/gabrielrosasilva@gmail.com",
              "Oracle-Tags.CreatedOn": "2026-03-14T15:32:27.594Z"
            },
            "display_name": "sec-list-k8s",
            "egress_security_rules": [
              {
                "description": "",
                "destination": "0.0.0.0/0",
                "destination_type": "CIDR_BLOCK",
                "icmp_options": [],
                "protocol": "all",
                "stateless": false,
                "tcp_options": [],
                "udp_options": []
              }
            ],
            "freeform_tags": {},
            "id": "ocid1.securitylist.oc1.sa-saopaulo-1.aaaaaaaash6iobpvp7ep3qtpmkq2fc7jpofufn4hu6uuldnfgovvimoou7za",
            "ingress_security_rules": [
              {
                "description": "",
                "icmp_options": [],
                "protocol": "6",
                "source": "0.0.0.0/0",
                "source_type": "CIDR_BLOCK",
                "stateless": false,
                "tcp_options": [
                  {
                    "max": 22,
                    "min": 22,
                    "source_port_range": []
                  }
                ],
                "udp_options": []
              },
              {
                "description": "",
                "icmp_options": [],
                "protocol": "6",
                "source": "0.0.0.0/0",
                "source_type": "CIDR_BLOCK",
                "stateless": false,
                "tcp_options": [
                  {
                    "max": 443,
                    "min": 443,
                    "source_port_range": []
                  }
                ],
                "udp_options": []
              },
              {
                "description": "",
                "icmp_options": [],
                "protocol": "6",
                "source": "0.0.0.0/0",
                "source_type": "CIDR_BLOCK",
                "stateless": false,
                "tcp_options": [
                  {
                    "max": 80,
                    "min": 80,
                    "source_port_range": []
                  }
                ],
                "udp_options": []
              },
              {
                "description": "",
                "icmp_options": [],
                "protocol": "all",
                "source": "10.0.0.0/16",
                "source_type": "CIDR_BLOCK",
                "stateless": false,
                "tcp_options": [],
                "udp_options": []
              }
            ],
            "state": "AVAILABLE",
            "time_created": "2026-03-14 15:32:27.63 +0000 UTC",
            "timeouts": null,
            "vcn_id": "ocid1.vcn.oc1.sa-saopaulo-1.amaaaaaaf4un32qa37vxevxkfawlknfj7tm5e4uhbkjh2mfs6lc4ecsndmfq"
          },
          "sensitive_attributes": [],
          "identity_schema_version": 0,
          "private": "eyJlMmJmYjczMC1lY2FhLTExZTYtOGY4OC0zNDM2M2JjN2M0YzAiOnsiY3JlYXRlIjoxMjAwMDAwMDAwMDAwLCJkZWxldGUiOjEyMDAwMDAwMDAwMDAsInVwZGF0ZSI6MTIwMDAwMDAwMDAwMH19",
          "dependencies": [
            "oci_core_vcn.k8s_vcn"
          ]
        }
      ]
    },
    {
      "mode": "managed",
      "type": "oci_core_subnet",
      "name": "k8s_subnet",
      "provider": "provider[\"registry.terraform.io/oracle/oci\"]",
      "instances": [
        {
          "schema_version": 0,
          "attributes": {
            "availability_domain": null,
            "cidr_block": "10.0.1.0/24",
            "compartment_id": "ocid1.tenancy.oc1..aaaaaaaafe7jeknkyj7vzw5czugm7k6hk4e7444af2svd4etxrn5lechxzva",
            "defined_tags": {
              "Oracle-Tags.CreatedBy": "default/gabrielrosasilva@gmail.com",
              "Oracle-Tags.CreatedOn": "2026-03-14T15:32:27.922Z"
            },
            "dhcp_options_id": "ocid1.dhcpoptions.oc1.sa-saopaulo-1.aaaaaaaacdp7rtzs7twn4bboz2x2fmvxjbbp27ruu2enkeqczqbo2gh3eomq",
            "display_name": "subnet-k8s-nodes",
            "dns_label": null,
            "freeform_tags": {},
            "id": "ocid1.subnet.oc1.sa-saopaulo-1.aaaaaaaajg6ewngyz5zampp6aaneyf3fhyprfklxkcgpls437rqah576druq",
            "ipv4cidr_blocks": [
              "10.0.1.0/24"
            ],
            "ipv6cidr_block": null,
            "ipv6cidr_blocks": [],
            "ipv6virtual_router_ip": null,
            "prohibit_internet_ingress": false,
            "prohibit_public_ip_on_vnic": false,
            "route_table_id": "ocid1.routetable.oc1.sa-saopaulo-1.aaaaaaaac63gzzubkdwztfcsy7penimavmbznpdj3rilxmnufxe4tdho4vvq",
            "security_list_ids": [
              "ocid1.securitylist.oc1.sa-saopaulo-1.aaaaaaaash6iobpvp7ep3qtpmkq2fc7jpofufn4hu6uuldnfgovvimoou7za"
            ],
            "state": "AVAILABLE",
            "subnet_domain_name": null,
            "time_created": "2026-03-14 15:32:27.958 +0000 UTC",
            "timeouts": null,
            "vcn_id": "ocid1.vcn.oc1.sa-saopaulo-1.amaaaaaaf4un32qa37vxevxkfawlknfj7tm5e4uhbkjh2mfs6lc4ecsndmfq",
            "virtual_router_ip": "10.0.1.1",
            "virtual_router_mac": "00:00:17:ED:5A:63"
          },
          "sensitive_attributes": [],
          "identity_schema_version": 0,
          "private": "eyJlMmJmYjczMC1lY2FhLTExZTYtOGY4OC0zNDM2M2JjN2M0YzAiOnsiY3JlYXRlIjoxMjAwMDAwMDAwMDAwLCJkZWxldGUiOjEyMDAwMDAwMDAwMDAsInVwZGF0ZSI6MTIwMDAwMDAwMDAwMH19",
          "dependencies": [
            "oci_core_security_list.k8s_security_list",
            "oci_core_vcn.k8s_vcn"
          ]
        }
      ]
    },
    {
      "mode": "managed",
      "type": "oci_core_vcn",
      "name": "k8s_vcn",
      "provider": "provider[\"registry.terraform.io/oracle/oci\"]",
      "instances": [
        {
          "schema_version": 0,
          "attributes": {
            "byoipv6cidr_blocks": [],
            "byoipv6cidr_details": [],
            "cidr_block": "10.0.0.0/16",
            "cidr_blocks": [
              "10.0.0.0/16"
            ],
            "compartment_id": "ocid1.tenancy.oc1..aaaaaaaafe7jeknkyj7vzw5czugm7k6hk4e7444af2svd4etxrn5lechxzva",
            "default_dhcp_options_id": "ocid1.dhcpoptions.oc1.sa-saopaulo-1.aaaaaaaacdp7rtzs7twn4bboz2x2fmvxjbbp27ruu2enkeqczqbo2gh3eomq",
            "default_route_table_id": "ocid1.routetable.oc1.sa-saopaulo-1.aaaaaaaac63gzzubkdwztfcsy7penimavmbznpdj3rilxmnufxe4tdho4vvq",
            "default_security_list_id": "ocid1.securitylist.oc1.sa-saopaulo-1.aaaaaaaapt7gu3buwzeopjd4yyn2zc4j4bw4yg7hxmdxhdg7toc72bmw5kda",
            "defined_tags": {
              "Oracle-Tags.CreatedBy": "default/gabrielrosasilva@gmail.com",
              "Oracle-Tags.CreatedOn": "2026-03-14T15:32:26.908Z"
            },
            "display_name": "vcn-k8s-ha",
            "dns_label": null,
            "freeform_tags": {},
            "id": "ocid1.vcn.oc1.sa-saopaulo-1.amaaaaaaf4un32qa37vxevxkfawlknfj7tm5e4uhbkjh2mfs6lc4ecsndmfq",
            "ipv6cidr_blocks": [],
            "ipv6private_cidr_blocks": [],
            "is_ipv6enabled": false,
            "is_oracle_gua_allocation_enabled": null,
            "security_attributes": {},
            "state": "AVAILABLE",
            "time_created": "2026-03-14 15:32:26.982 +0000 UTC",
            "timeouts": null,
            "vcn_domain_name": null
          },
          "sensitive_attributes": [],
          "identity_schema_version": 0,
          "private": "eyJlMmJmYjczMC1lY2FhLTExZTYtOGY4OC0zNDM2M2JjN2M0YzAiOnsiY3JlYXRlIjoxMjAwMDAwMDAwMDAwLCJkZWxldGUiOjEyMDAwMDAwMDAwMDAsInVwZGF0ZSI6MTIwMDAwMDAwMDAwMH19"
        }
      ]
    }
  ],
  "check_results": null
}
